
Microsoft Visual Studio Solution File, Format Version 12.00
# Visual Studio Version 17
VisualStudioVersion = 17.5.33516.290
MinimumVisualStudioVersion = 10.0.40219.1
Project("{FAE04EC0-301F-11D3-BF4B-00C04F79EFBC}") = "Tkachenko_A_Summer_Project", "Tkachenko_A_Summer_Project\Tkachenko_A_Summer_Project.csproj", "{B5FB8538-3497-4CFE-BD33-8B6889300075}"
EndProject
Global
	GlobalSection(SolutionConfigurationPlatforms) = preSolution
		Debug|Any CPU = Debug|Any CPU
		Release|Any CPU = Release|Any CPU
	EndGlobalSection
	GlobalSection(ProjectConfigurationPlatforms) = postSolution
		{B5FB8538-3497-4CFE-BD33-8B6889300075}.Debug|Any CPU.ActiveCfg = Debug|Any CPU
		{B5FB8538-3497-4CFE-BD33-8B6889300075}.Debug|Any CPU.Build.0 = Debug|Any CPU
		{B5FB8538-3497-4CFE-BD33-8B6889300075}.Release|Any CPU.ActiveCfg = Release|Any CPU
		{B5FB8538-3497-4CFE-BD33-8B6889300075}.Release|Any CPU.Build.0 = Release|Any CPU
	EndGlobalSection
	GlobalSection(SolutionProperties) = preSolution
		HideSolutionNode = FALSE
	EndGlobalSection
	GlobalSection(ExtensibilityGlobals) = postSolution
		SolutionGuid = {B04CBDF5-524E-4B52-8A7E-53D6FB28C8BE}
	EndGlobalSection
EndGlobal
